Microsoft Visual Studio Solution File, Format Version 12.00
# Visual Studio 15
VisualStudioVersion = 15.0.28307.1321
MinimumVisualStudioVersion = 10.0.40219.1
Project("{2150E333-8FDC-42A3-9474-1A3956D46DE8}") = "3rdparty", "3rdparty", "{F73AC2E0-3B59-3B7D-8E91-5FF876EAD60C}"
EndProject
Project("{2150E333-8FDC-42A3-9474-1A3956D46DE8}") = "modules", "modules", "{4821B747-B0E3-3FD0-876C-E78E7EB0FB3D}"
EndProject
Project("{8BC9CEB8-8B4A-11D0-8D11-00A0C91BC942}") = "zlib", "lib\opencv342\3rdparty\zlib\zlib.vcxproj", "{B1C6E4EE-CFAF-452B-A6DC-70CC90415519}"
EndProject
Project("{8BC9CEB8-8B4A-11D0-8D11-00A0C91BC942}") = "opencv_core", "lib\opencv342\modules\core\opencv_core.vcxproj", "{26820A44-4B84-3AD3-A82C-3BB5CC597915}"
EndProject
Project("{8BC9CEB8-8B4A-11D0-8D11-00A0C91BC942}") = "opencv_imgcodecs", "lib\opencv342\modules\imgcodecs\opencv_imgcodecs.vcxproj", "{B7EA3436-145A-37A3-AA8D-BC694C9B1F69}"
EndProject
Project("{8BC9CEB8-8B4A-11D0-8D11-00A0C91BC942}") = "opencv_imgproc", "lib\opencv342\modules\imgproc\opencv_imgproc.vcxproj", "{2989009F-683B-3056-8726-9FD2005880A4}"
EndProject
Project("{8BC9CEB8-8B4A-11D0-8D11-00A0C91BC942}") = "opencv_highgui", "lib\opencv342\modules\highgui\opencv_highgui.vcxproj", "{2ED7E492-2FB6-388C-9D1E-130B1217C6D2}"
EndProject
Project("{8BC9CEB8-8B4A-11D0-8D11-00A0C91BC942}") = "opencv_videoio", "lib\opencv342\modules\videoio\opencv_videoio.vcxproj", "{578E90C5-8F5A-30F3-941F-F2E2338D1012}"
EndProject
Project("{8BC9CEB8-8B4A-11D0-8D11-00A0C91BC942}") = "libpng", "lib\opencv342\3rdparty\libpng\libpng.vcxproj", "{01BEE73E-6F42-4714-9CE6-D968CE1F49D6}"
EndProject
Project("{8BC9CEB8-8B4A-11D0-8D11-00A0C91BC942}") = "libjpeg-turbo", "lib\opencv342\3rdparty\libjpeg-turbo\libjpeg-turbo.vcxproj", "{23B6ACF9-2084-311C-BDFD-79CA534647AE}"
EndProject
Project("{8BC9CEB8-8B4A-11D0-8D11-00A0C91BC942}") = "ObjectDetection_MobileNet_SSD", "ObjectDetection_MobileNet_SSD\ObjectDetection_MobileNet_SSD.vcxproj", "{45A9BBE1-2A79-4BDD-8158-F40524FC1707}"
EndProject
Project("{8BC9CEB8-8B4A-11D0-8D11-00A0C91BC942}") = "opencv_dnn", "lib\opencv342\modules\dnn\opencv_dnn.vcxproj", "{12AC3E54-987B-3E7C-9827-F96466F6173C}"
EndProject
Project("{8BC9CEB8-8B4A-11D0-8D11-00A0C91BC942}") = "libprotobuf", "lib\opencv342\3rdparty\protobuf\libprotobuf.vcxproj", "{799B87EB-36B1-323F-A7C7-0397F9511D43}"
EndProject
Project("{8BC9CEB8-8B4A-11D0-8D11-00A0C91BC942}") = "opencv_features2d", "lib\opencv342\modules\features2d\opencv_features2d.vcxproj", "{F14C2E5E-E346-3B79-98B4-F42959690F06}"
EndProject
Project("{8BC9CEB8-8B4A-11D0-8D11-00A0C91BC942}") = "opencv_objdetect", "lib\opencv342\modules\objdetect\opencv_objdetect.vcxproj", "{CC86B3B3-BD7B-3901-B8D7-BD5CE93035EE}"
EndProject
Project("{8BC9CEB8-8B4A-11D0-8D11-00A0C91BC942}") = "opencv_flann", "lib\opencv342\modules\flann\opencv_flann.vcxproj", "{1618A8F9-FFD8-34BD-B1CD-1C8C4E13A9B6}"
EndProject
Global
	GlobalSection(SolutionConfigurationPlatforms) = preSolution
		Debug|x64 = Debug|x64
		Debug|x86 = Debug|x86
		Release|x64 = Release|x64
		Release|x86 = Release|x86
	EndGlobalSection
	GlobalSection(ProjectConfigurationPlatforms) = postSolution
		{B1C6E4EE-CFAF-452B-A6DC-70CC90415519}.Debug|x64.ActiveCfg = Debug|x64
		{B1C6E4EE-CFAF-452B-A6DC-70CC90415519}.Debug|x64.Build.0 = Debug|x64
		{B1C6E4EE-CFAF-452B-A6DC-70CC90415519}.Debug|x86.ActiveCfg = Debug|Win32
		{B1C6E4EE-CFAF-452B-A6DC-70CC90415519}.Debug|x86.Build.0 = Debug|Win32
		{B1C6E4EE-CFAF-452B-A6DC-70CC90415519}.Release|x64.ActiveCfg = Release|x64
		{B1C6E4EE-CFAF-452B-A6DC-70CC90415519}.Release|x64.Build.0 = Release|x64
		{B1C6E4EE-CFAF-452B-A6DC-70CC90415519}.Release|x86.ActiveCfg = Release|Win32
		{B1C6E4EE-CFAF-452B-A6DC-70CC90415519}.Release|x86.Build.0 = Release|Win32
		{26820A44-4B84-3AD3-A82C-3BB5CC597915}.Debug|x64.ActiveCfg = Debug|x64
		{26820A44-4B84-3AD3-A82C-3BB5CC597915}.Debug|x64.Build.0 = Debug|x64
		{26820A44-4B84-3AD3-A82C-3BB5CC597915}.Debug|x86.ActiveCfg = Debug|Win32
		{26820A44-4B84-3AD3-A82C-3BB5CC597915}.Debug|x86.Build.0 = Debug|Win32
		{26820A44-4B84-3AD3-A82C-3BB5CC597915}.Release|x64.ActiveCfg = Release|x64
		{26820A44-4B84-3AD3-A82C-3BB5CC597915}.Release|x64.Build.0 = Release|x64
		{26820A44-4B84-3AD3-A82C-3BB5CC597915}.Release|x86.ActiveCfg = Release|Win32
		{26820A44-4B84-3AD3-A82C-3BB5CC597915}.Release|x86.Build.0 = Release|Win32
		{B7EA3436-145A-37A3-AA8D-BC694C9B1F69}.Debug|x64.ActiveCfg = Debug|x64
		{B7EA3436-145A-37A3-AA8D-BC694C9B1F69}.Debug|x64.Build.0 = Debug|x64
		{B7EA3436-145A-37A3-AA8D-BC694C9B1F69}.Debug|x86.ActiveCfg = Debug|Win32
		{B7EA3436-145A-37A3-AA8D-BC694C9B1F69}.Debug|x86.Build.0 = Debug|Win32
		{B7EA3436-145A-37A3-AA8D-BC694C9B1F69}.Release|x64.ActiveCfg = Release|x64
		{B7EA3436-145A-37A3-AA8D-BC694C9B1F69}.Release|x64.Build.0 = Release|x64
		{B7EA3436-145A-37A3-AA8D-BC694C9B1F69}.Release|x86.ActiveCfg = Release|Win32
		{B7EA3436-145A-37A3-AA8D-BC694C9B1F69}.Release|x86.Build.0 = Release|Win32
		{2989009F-683B-3056-8726-9FD2005880A4}.Debug|x64.ActiveCfg = Debug|x64
		{2989009F-683B-3056-8726-9FD2005880A4}.Debug|x64.Build.0 = Debug|x64
		{2989009F-683B-3056-8726-9FD2005880A4}.Debug|x86.ActiveCfg = Debug|Win32
		{2989009F-683B-3056-8726-9FD2005880A4}.Debug|x86.Build.0 = Debug|Win32
		{2989009F-683B-3056-8726-9FD2005880A4}.Release|x64.ActiveCfg = Release|x64
		{2989009F-683B-3056-8726-9FD2005880A4}.Release|x64.Build.0 = Release|x64
		{2989009F-683B-3056-8726-9FD2005880A4}.Release|x86.ActiveCfg = Release|Win32
		{2989009F-683B-3056-8726-9FD2005880A4}.Release|x86.Build.0 = Release|Win32
		{2ED7E492-2FB6-388C-9D1E-130B1217C6D2}.Debug|x64.ActiveCfg = Debug|x64
		{2ED7E492-2FB6-388C-9D1E-130B1217C6D2}.Debug|x64.Build.0 = Debug|x64
		{2ED7E492-2FB6-388C-9D1E-130B1217C6D2}.Debug|x86.ActiveCfg = Debug|Win32
		{2ED7E492-2FB6-388C-9D1E-130B1217C6D2}.Debug|x86.Build.0 = Debug|Win32
		{2ED7E492-2FB6-388C-9D1E-130B1217C6D2}.Release|x64.ActiveCfg = Release|x64
		{2ED7E492-2FB6-388C-9D1E-130B1217C6D2}.Release|x64.Build.0 = Release|x64
		{2ED7E492-2FB6-388C-9D1E-130B1217C6D2}.Release|x86.ActiveCfg = Release|Win32
		{2ED7E492-2FB6-388C-9D1E-130B1217C6D2}.Release|x86.Build.0 = Release|Win32
		{578E90C5-8F5A-30F3-941F-F2E2338D1012}.Debug|x64.ActiveCfg = Debug|x64
		{578E90C5-8F5A-30F3-941F-F2E2338D1012}.Debug|x64.Build.0 = Debug|x64
		{578E90C5-8F5A-30F3-941F-F2E2338D1012}.Debug|x86.ActiveCfg = Debug|Win32
		{578E90C5-8F5A-30F3-941F-F2E2338D1012}.Debug|x86.Build.0 = Debug|Win32
		{578E90C5-8F5A-30F3-941F-F2E2338D1012}.Release|x64.ActiveCfg = Release|x64
		{578E90C5-8F5A-30F3-941F-F2E2338D1012}.Release|x64.Build.0 = Release|x64
		{578E90C5-8F5A-30F3-941F-F2E2338D1012}.Release|x86.ActiveCfg = Release|Win32
		{578E90C5-8F5A-30F3-941F-F2E2338D1012}.Release|x86.Build.0 = Release|Win32
		{01BEE73E-6F42-4714-9CE6-D968CE1F49D6}.Debug|x64.ActiveCfg = Debug|x64
		{01BEE73E-6F42-4714-9CE6-D968CE1F49D6}.Debug|x64.Build.0 = Debug|x64
		{01BEE73E-6F42-4714-9CE6-D968CE1F49D6}.Debug|x86.ActiveCfg = Debug|Win32
		{01BEE73E-6F42-4714-9CE6-D968CE1F49D6}.Debug|x86.Build.0 = Debug|Win32
		{01BEE73E-6F42-4714-9CE6-D968CE1F49D6}.Release|x64.ActiveCfg = Release|x64
		{01BEE73E-6F42-4714-9CE6-D968CE1F49D6}.Release|x64.Build.0 = Release|x64
		{01BEE73E-6F42-4714-9CE6-D968CE1F49D6}.Release|x86.ActiveCfg = Release|Win32
		{01BEE73E-6F42-4714-9CE6-D968CE1F49D6}.Release|x86.Build.0 = Release|Win32
		{23B6ACF9-2084-311C-BDFD-79CA534647AE}.Debug|x64.ActiveCfg = Debug|x64
		{23B6ACF9-2084-311C-BDFD-79CA534647AE}.Debug|x64.Build.0 = Debug|x64
		{23B6ACF9-2084-311C-BDFD-79CA534647AE}.Debug|x86.ActiveCfg = Debug|Win32
		{23B6ACF9-2084-311C-BDFD-79CA534647AE}.Debug|x86.Build.0 = Debug|Win32
		{23B6ACF9-2084-311C-BDFD-79CA534647AE}.Release|x64.ActiveCfg = Release|x64
		{23B6ACF9-2084-311C-BDFD-79CA534647AE}.Release|x64.Build.0 = Release|x64
		{23B6ACF9-2084-311C-BDFD-79CA534647AE}.Release|x86.ActiveCfg = Release|Win32
		{23B6ACF9-2084-311C-BDFD-79CA534647AE}.Release|x86.Build.0 = Release|Win32
		{45A9BBE1-2A79-4BDD-8158-F40524FC1707}.Debug|x64.ActiveCfg = Debug|x64
		{45A9BBE1-2A79-4BDD-8158-F40524FC1707}.Debug|x64.Build.0 = Debug|x64
		{45A9BBE1-2A79-4BDD-8158-F40524FC1707}.Debug|x86.ActiveCfg = Debug|Win32
		{45A9BBE1-2A79-4BDD-8158-F40524FC1707}.Debug|x86.Build.0 = Debug|Win32
		{45A9BBE1-2A79-4BDD-8158-F40524FC1707}.Release|x64.ActiveCfg = Release|x64
		{45A9BBE1-2A79-4BDD-8158-F40524FC1707}.Release|x64.Build.0 = Release|x64
		{45A9BBE1-2A79-4BDD-8158-F40524FC1707}.Release|x86.ActiveCfg = Release|Win32
		{45A9BBE1-2A79-4BDD-8158-F40524FC1707}.Release|x86.Build.0 = Release|Win32
		{12AC3E54-987B-3E7C-9827-F96466F6173C}.Debug|x64.ActiveCfg = Debug|x64
		{12AC3E54-987B-3E7C-9827-F96466F6173C}.Debug|x64.Build.0 = Debug|x64
		{12AC3E54-987B-3E7C-9827-F96466F6173C}.Debug|x86.ActiveCfg = Debug|Win32
		{12AC3E54-987B-3E7C-9827-F96466F6173C}.Debug|x86.Build.0 = Debug|Win32
		{12AC3E54-987B-3E7C-9827-F96466F6173C}.Release|x64.ActiveCfg = Release|x64
		{12AC3E54-987B-3E7C-9827-F96466F6173C}.Release|x64.Build.0 = Release|x64
		{12AC3E54-987B-3E7C-9827-F96466F6173C}.Release|x86.ActiveCfg = Release|Win32
		{12AC3E54-987B-3E7C-9827-F96466F6173C}.Release|x86.Build.0 = Release|Win32
		{799B87EB-36B1-323F-A7C7-0397F9511D43}.Debug|x64.ActiveCfg = Debug|x64
		{799B87EB-36B1-323F-A7C7-0397F9511D43}.Debug|x64.Build.0 = Debug|x64
		{799B87EB-36B1-323F-A7C7-0397F9511D43}.Debug|x86.ActiveCfg = Debug|Win32
		{799B87EB-36B1-323F-A7C7-0397F9511D43}.Debug|x86.Build.0 = Debug|Win32
		{799B87EB-36B1-323F-A7C7-0397F9511D43}.Release|x64.ActiveCfg = Release|x64
		{799B87EB-36B1-323F-A7C7-0397F9511D43}.Release|x64.Build.0 = Release|x64
		{799B87EB-36B1-323F-A7C7-0397F9511D43}.Release|x86.ActiveCfg = Release|Win32
		{799B87EB-36B1-323F-A7C7-0397F9511D43}.Release|x86.Build.0 = Release|Win32
		{F14C2E5E-E346-3B79-98B4-F42959690F06}.Debug|x64.ActiveCfg = Debug|x64
		{F14C2E5E-E346-3B79-98B4-F42959690F06}.Debug|x64.Build.0 = Debug|x64
		{F14C2E5E-E346-3B79-98B4-F42959690F06}.Debug|x86.ActiveCfg = Debug|Win32
		{F14C2E5E-E346-3B79-98B4-F42959690F06}.Debug|x86.Build.0 = Debug|Win32
		{F14C2E5E-E346-3B79-98B4-F42959690F06}.Release|x64.ActiveCfg = Release|x64
		{F14C2E5E-E346-3B79-98B4-F42959690F06}.Release|x64.Build.0 = Release|x64
		{F14C2E5E-E346-3B79-98B4-F42959690F06}.Release|x86.ActiveCfg = Release|Win32
		{F14C2E5E-E346-3B79-98B4-F42959690F06}.Release|x86.Build.0 = Release|Win32
		{CC86B3B3-BD7B-3901-B8D7-BD5CE93035EE}.Debug|x64.ActiveCfg = Debug|x64
		{CC86B3B3-BD7B-3901-B8D7-BD5CE93035EE}.Debug|x64.Build.0 = Debug|x64
		{CC86B3B3-BD7B-3901-B8D7-BD5CE93035EE}.Debug|x86.ActiveCfg = Debug|Win32
		{CC86B3B3-BD7B-3901-B8D7-BD5CE93035EE}.Debug|x86.Build.0 = Debug|Win32
		{CC86B3B3-BD7B-3901-B8D7-BD5CE93035EE}.Release|x64.ActiveCfg = Release|x64
		{CC86B3B3-BD7B-3901-B8D7-BD5CE93035EE}.Release|x64.Build.0 = Release|x64
		{CC86B3B3-BD7B-3901-B8D7-BD5CE93035EE}.Release|x86.ActiveCfg = Release|Win32
		{CC86B3B3-BD7B-3901-B8D7-BD5CE93035EE}.Release|x86.Build.0 = Release|Win32
		{1618A8F9-FFD8-34BD-B1CD-1C8C4E13A9B6}.Debug|x64.ActiveCfg = Debug|x64
		{1618A8F9-FFD8-34BD-B1CD-1C8C4E13A9B6}.Debug|x64.Build.0 = Debug|x64
		{1618A8F9-FFD8-34BD-B1CD-1C8C4E13A9B6}.Debug|x86.ActiveCfg = Debug|Win32
		{1618A8F9-FFD8-34BD-B1CD-1C8C4E13A9B6}.Debug|x86.Build.0 = Debug|Win32
		{1618A8F9-FFD8-34BD-B1CD-1C8C4E13A9B6}.Release|x64.ActiveCfg = Release|x64
		{1618A8F9-FFD8-34BD-B1CD-1C8C4E13A9B6}.Release|x64.Build.0 = Release|x64
		{1618A8F9-FFD8-34BD-B1CD-1C8C4E13A9B6}.Release|x86.ActiveCfg = Release|Win32
		{1618A8F9-FFD8-34BD-B1CD-1C8C4E13A9B6}.Release|x86.Build.0 = Release|Win32
	EndGlobalSection
	GlobalSection(SolutionProperties) = preSolution
		HideSolutionNode = FALSE
	EndGlobalSection
	GlobalSection(NestedProjects) = preSolution
		{B1C6E4EE-CFAF-452B-A6DC-70CC90415519} = {F73AC2E0-3B59-3B7D-8E91-5FF876EAD60C}
		{26820A44-4B84-3AD3-A82C-3BB5CC597915} = {4821B747-B0E3-3FD0-876C-E78E7EB0FB3D}
		{B7EA3436-145A-37A3-AA8D-BC694C9B1F69} = {4821B747-B0E3-3FD0-876C-E78E7EB0FB3D}
		{2989009F-683B-3056-8726-9FD2005880A4} = {4821B747-B0E3-3FD0-876C-E78E7EB0FB3D}
		{2ED7E492-2FB6-388C-9D1E-130B1217C6D2} = {4821B747-B0E3-3FD0-876C-E78E7EB0FB3D}
		{578E90C5-8F5A-30F3-941F-F2E2338D1012} = {4821B747-B0E3-3FD0-876C-E78E7EB0FB3D}
		{01BEE73E-6F42-4714-9CE6-D968CE1F49D6} = {F73AC2E0-3B59-3B7D-8E91-5FF876EAD60C}
		{23B6ACF9-2084-311C-BDFD-79CA534647AE} = {F73AC2E0-3B59-3B7D-8E91-5FF876EAD60C}
		{12AC3E54-987B-3E7C-9827-F96466F6173C} = {4821B747-B0E3-3FD0-876C-E78E7EB0FB3D}
		{799B87EB-36B1-323F-A7C7-0397F9511D43} = {F73AC2E0-3B59-3B7D-8E91-5FF876EAD60C}
		{F14C2E5E-E346-3B79-98B4-F42959690F06} = {4821B747-B0E3-3FD0-876C-E78E7EB0FB3D}
		{CC86B3B3-BD7B-3901-B8D7-BD5CE93035EE} = {4821B747-B0E3-3FD0-876C-E78E7EB0FB3D}
		{1618A8F9-FFD8-34BD-B1CD-1C8C4E13A9B6} = {4821B747-B0E3-3FD0-876C-E78E7EB0FB3D}
	EndGlobalSection
	GlobalSection(ExtensibilityGlobals) = postSolution
		SolutionGuid = {C142D162-11FF-3D4E-A8DC-918F720D7C98}
	EndGlobalSection
EndGlobal
