Microsoft Visual Studio Solution File, Format Version 12.00
# Visual Studio 15
VisualStudioVersion = 15.0.28010.2050
MinimumVisualStudioVersion = 10.0.40219.1
Project("{2150E333-8FDC-42A3-9474-1A3956D46DE8}") = "3rdparty", "3rdparty", "{68AB1E66-6479-3336-9DFE-A7C839E9BFAF}"
EndProject
Project("{2150E333-8FDC-42A3-9474-1A3956D46DE8}") = "modules", "modules", "{8FF07146-EAB1-3A66-AACA-8290E3BC0193}"
EndProject
Project("{8BC9CEB8-8B4A-11D0-8D11-00A0C91BC942}") = "ippiw", "..\..\3rdparty\ippiw\ippiw.vcxproj", "{16840FAB-530C-34EB-AD50-3407C53BA7A9}"
EndProject
Project("{8BC9CEB8-8B4A-11D0-8D11-00A0C91BC942}") = "ittnotify", "..\..\3rdparty\ittnotify\ittnotify.vcxproj", "{6A9CD173-CDBA-3DDC-A221-093279967CC7}"
EndProject
Project("{8BC9CEB8-8B4A-11D0-8D11-00A0C91BC942}") = "libprotobuf", "..\..\3rdparty\protobuf\libprotobuf.vcxproj", "{2A71613D-C7C9-36AB-A75A-E3E545776636}"
EndProject
Project("{8BC9CEB8-8B4A-11D0-8D11-00A0C91BC942}") = "opencv_core", "..\core\opencv_core.vcxproj", "{10B8265C-D814-3269-9AEF-6C50F1815909}"
	ProjectSection(ProjectDependencies) = postProject
		{16840FAB-530C-34EB-AD50-3407C53BA7A9} = {16840FAB-530C-34EB-AD50-3407C53BA7A9}
		{6A9CD173-CDBA-3DDC-A221-093279967CC7} = {6A9CD173-CDBA-3DDC-A221-093279967CC7}
		{B1C6E4EE-CFAF-452B-A6DC-70CC90415519} = {B1C6E4EE-CFAF-452B-A6DC-70CC90415519}
	EndProjectSection
EndProject
Project("{8BC9CEB8-8B4A-11D0-8D11-00A0C91BC942}") = "opencv_dnn", "opencv_dnn.vcxproj", "{92FA3061-64D2-3712-B91D-4CC5A0BE1E1C}"
	ProjectSection(ProjectDependencies) = postProject
		{16840FAB-530C-34EB-AD50-3407C53BA7A9} = {16840FAB-530C-34EB-AD50-3407C53BA7A9}
		{2A71613D-C7C9-36AB-A75A-E3E545776636} = {2A71613D-C7C9-36AB-A75A-E3E545776636}
		{10B8265C-D814-3269-9AEF-6C50F1815909} = {10B8265C-D814-3269-9AEF-6C50F1815909}
		{B326AAA3-5B95-3DDC-9303-94FDAD8439A6} = {B326AAA3-5B95-3DDC-9303-94FDAD8439A6}
	EndProjectSection
EndProject
Project("{8BC9CEB8-8B4A-11D0-8D11-00A0C91BC942}") = "opencv_imgproc", "..\imgproc\opencv_imgproc.vcxproj", "{B326AAA3-5B95-3DDC-9303-94FDAD8439A6}"
	ProjectSection(ProjectDependencies) = postProject
		{16840FAB-530C-34EB-AD50-3407C53BA7A9} = {16840FAB-530C-34EB-AD50-3407C53BA7A9}
		{10B8265C-D814-3269-9AEF-6C50F1815909} = {10B8265C-D814-3269-9AEF-6C50F1815909}
	EndProjectSection
EndProject
Project("{8BC9CEB8-8B4A-11D0-8D11-00A0C91BC942}") = "zlib", "..\..\3rdparty\zlib\zlib.vcxproj", "{B1C6E4EE-CFAF-452B-A6DC-70CC90415519}"
EndProject
Global
	GlobalSection(SolutionConfigurationPlatforms) = preSolution
		Debug|x64 = Debug|x64
		Release|x64 = Release|x64
	EndGlobalSection
	GlobalSection(ProjectConfigurationPlatforms) = postSolution
		{16840FAB-530C-34EB-AD50-3407C53BA7A9}.Debug|x64.ActiveCfg = Debug|x64
		{16840FAB-530C-34EB-AD50-3407C53BA7A9}.Debug|x64.Build.0 = Debug|x64
		{16840FAB-530C-34EB-AD50-3407C53BA7A9}.Release|x64.ActiveCfg = Release|x64
		{16840FAB-530C-34EB-AD50-3407C53BA7A9}.Release|x64.Build.0 = Release|x64
		{6A9CD173-CDBA-3DDC-A221-093279967CC7}.Debug|x64.ActiveCfg = Debug|x64
		{6A9CD173-CDBA-3DDC-A221-093279967CC7}.Debug|x64.Build.0 = Debug|x64
		{6A9CD173-CDBA-3DDC-A221-093279967CC7}.Release|x64.ActiveCfg = Release|x64
		{6A9CD173-CDBA-3DDC-A221-093279967CC7}.Release|x64.Build.0 = Release|x64
		{2A71613D-C7C9-36AB-A75A-E3E545776636}.Debug|x64.ActiveCfg = Debug|x64
		{2A71613D-C7C9-36AB-A75A-E3E545776636}.Debug|x64.Build.0 = Debug|x64
		{2A71613D-C7C9-36AB-A75A-E3E545776636}.Release|x64.ActiveCfg = Release|x64
		{2A71613D-C7C9-36AB-A75A-E3E545776636}.Release|x64.Build.0 = Release|x64
		{10B8265C-D814-3269-9AEF-6C50F1815909}.Debug|x64.ActiveCfg = Debug|x64
		{10B8265C-D814-3269-9AEF-6C50F1815909}.Debug|x64.Build.0 = Debug|x64
		{10B8265C-D814-3269-9AEF-6C50F1815909}.Release|x64.ActiveCfg = Release|x64
		{10B8265C-D814-3269-9AEF-6C50F1815909}.Release|x64.Build.0 = Release|x64
		{92FA3061-64D2-3712-B91D-4CC5A0BE1E1C}.Debug|x64.ActiveCfg = Debug|x64
		{92FA3061-64D2-3712-B91D-4CC5A0BE1E1C}.Debug|x64.Build.0 = Debug|x64
		{92FA3061-64D2-3712-B91D-4CC5A0BE1E1C}.Release|x64.ActiveCfg = Release|x64
		{92FA3061-64D2-3712-B91D-4CC5A0BE1E1C}.Release|x64.Build.0 = Release|x64
		{B326AAA3-5B95-3DDC-9303-94FDAD8439A6}.Debug|x64.ActiveCfg = Debug|x64
		{B326AAA3-5B95-3DDC-9303-94FDAD8439A6}.Debug|x64.Build.0 = Debug|x64
		{B326AAA3-5B95-3DDC-9303-94FDAD8439A6}.Release|x64.ActiveCfg = Release|x64
		{B326AAA3-5B95-3DDC-9303-94FDAD8439A6}.Release|x64.Build.0 = Release|x64
		{B1C6E4EE-CFAF-452B-A6DC-70CC90415519}.Debug|x64.ActiveCfg = Debug|x64
		{B1C6E4EE-CFAF-452B-A6DC-70CC90415519}.Debug|x64.Build.0 = Debug|x64
		{B1C6E4EE-CFAF-452B-A6DC-70CC90415519}.Release|x64.ActiveCfg = Release|x64
		{B1C6E4EE-CFAF-452B-A6DC-70CC90415519}.Release|x64.Build.0 = Release|x64
	EndGlobalSection
	GlobalSection(SolutionProperties) = preSolution
		HideSolutionNode = FALSE
	EndGlobalSection
	GlobalSection(NestedProjects) = preSolution
		{16840FAB-530C-34EB-AD50-3407C53BA7A9} = {68AB1E66-6479-3336-9DFE-A7C839E9BFAF}
		{6A9CD173-CDBA-3DDC-A221-093279967CC7} = {68AB1E66-6479-3336-9DFE-A7C839E9BFAF}
		{2A71613D-C7C9-36AB-A75A-E3E545776636} = {68AB1E66-6479-3336-9DFE-A7C839E9BFAF}
		{10B8265C-D814-3269-9AEF-6C50F1815909} = {8FF07146-EAB1-3A66-AACA-8290E3BC0193}
		{92FA3061-64D2-3712-B91D-4CC5A0BE1E1C} = {8FF07146-EAB1-3A66-AACA-8290E3BC0193}
		{B326AAA3-5B95-3DDC-9303-94FDAD8439A6} = {8FF07146-EAB1-3A66-AACA-8290E3BC0193}
		{B1C6E4EE-CFAF-452B-A6DC-70CC90415519} = {68AB1E66-6479-3336-9DFE-A7C839E9BFAF}
	EndGlobalSection
	GlobalSection(ExtensibilityGlobals) = postSolution
		SolutionGuid = {A6003B7B-14FC-3C62-8FC9-B89AAF31C664}
	EndGlobalSection
EndGlobal
